
Microsoft Visual Studio Solution File, Format Version 12.00
# Visual Studio 2012
Project("{FAE04EC0-301F-11D3-BF4B-00C04F79EFBC}") = "CodemeFramework", "CodemeFramework\CodemeFramework.csproj", "{F95D03FF-1C9D-4C4E-937D-E302D466FEDF}"
EndProject
Global
	GlobalSection(SolutionConfigurationPlatforms) = preSolution
		Debug|Any CPU = Debug|Any CPU
		Release|Any CPU = Release|Any CPU
	EndGlobalSection
	GlobalSection(ProjectConfigurationPlatforms) = postSolution
		{F95D03FF-1C9D-4C4E-937D-E302D466FEDF}.Debug|Any CPU.ActiveCfg = Debug|Any CPU
		{F95D03FF-1C9D-4C4E-937D-E302D466FEDF}.Debug|Any CPU.Build.0 = Debug|Any CPU
		{F95D03FF-1C9D-4C4E-937D-E302D466FEDF}.Release|Any CPU.ActiveCfg = Release|Any CPU
		{F95D03FF-1C9D-4C4E-937D-E302D466FEDF}.Release|Any CPU.Build.0 = Release|Any CPU
	EndGlobalSection
	GlobalSection(SolutionProperties) = preSolution
		HideSolutionNode = FALSE
	EndGlobalSection
EndGlobal
